
Microsoft Visual Studio Solution File, Format Version 12.00
# Visual Studio Version 16
VisualStudioVersion = 16.0.28729.10
MinimumVisualStudioVersion = 10.0.40219.1
Project("{2150E333-8FDC-42A3-9474-1A3956D46DE8}") = "Tools", "Tools", "{FA8785C4-8B48-4632-82B9-F237AA30A23D}"
EndProject
Project("{2150E333-8FDC-42A3-9474-1A3956D46DE8}") = "Website", "Website", "{88E4099F-06B7-4DFD-B1CF-EB9DBB5AF965}"
EndProject
Project("{9A19103F-16F7-4668-BE54-9A1E7A4F7556}") = "SD2API.FunctionAPI", "SD2API.FunctionAPI\SD2API.FunctionAPI.csproj", "{5BC12B49-5660-4614-BBAC-8ECF52122BFB}"
EndProject
Project("{9A19103F-16F7-4668-BE54-9A1E7A4F7556}") = "SD2API.Domain", "SD2API.Domain\SD2API.Domain.csproj", "{E6835C75-3A92-46A5-90FA-0EE26BE772F5}"
EndProject
Project("{9A19103F-16F7-4668-BE54-9A1E7A4F7556}") = "SD2API.Application", "SD2API.Application\SD2API.Application.csproj", "{3E787F05-E4C9-4C9C-808B-BC84F13461A1}"
EndProject
Project("{2150E333-8FDC-42A3-9474-1A3956D46DE8}") = "AppCore", "AppCore", "{B303D0A7-9153-4BD7-ADF1-6AEEC3C66347}"
EndProject
Project("{9A19103F-16F7-4668-BE54-9A1E7A4F7556}") = "SD2API.Startup", "SD2API.Startup\SD2API.Startup.csproj", "{FA51B76B-76A8-4103-A0DD-E795F20C602B}"
EndProject
Project("{2150E333-8FDC-42A3-9474-1A3956D46DE8}") = "Persistence", "Persistence", "{0FCA9B22-EB60-43EF-B4AF-5716CE215B34}"
EndProject
Project("{9A19103F-16F7-4668-BE54-9A1E7A4F7556}") = "SD2API.Persistence", "SD2API.Persistence\SD2API.Persistence.csproj", "{4870BFEC-1C62-4342-9103-0213FF323982}"
EndProject
Project("{2150E333-8FDC-42A3-9474-1A3956D46DE8}") = "API", "API", "{2EADBE77-86D4-42AE-8A96-03885F534871}"
EndProject
Project("{FAE04EC0-301F-11D3-BF4B-00C04F79EFBC}") = "SD2API.PersistenceDummy", "SD2API.PersistenceDummy\SD2API.PersistenceDummy.csproj", "{69FACB80-C210-4539-ACCD-FDC2210ADA1F}"
EndProject
Global
	GlobalSection(SolutionConfigurationPlatforms) = preSolution
		Debug|Any CPU = Debug|Any CPU
		Release|Any CPU = Release|Any CPU
	EndGlobalSection
	GlobalSection(ProjectConfigurationPlatforms) = postSolution
		{5BC12B49-5660-4614-BBAC-8ECF52122BFB}.Debug|Any CPU.ActiveCfg = Debug|Any CPU
		{5BC12B49-5660-4614-BBAC-8ECF52122BFB}.Debug|Any CPU.Build.0 = Debug|Any CPU
		{5BC12B49-5660-4614-BBAC-8ECF52122BFB}.Release|Any CPU.ActiveCfg = Release|Any CPU
		{5BC12B49-5660-4614-BBAC-8ECF52122BFB}.Release|Any CPU.Build.0 = Release|Any CPU
		{E6835C75-3A92-46A5-90FA-0EE26BE772F5}.Debug|Any CPU.ActiveCfg = Debug|Any CPU
		{E6835C75-3A92-46A5-90FA-0EE26BE772F5}.Debug|Any CPU.Build.0 = Debug|Any CPU
		{E6835C75-3A92-46A5-90FA-0EE26BE772F5}.Release|Any CPU.ActiveCfg = Release|Any CPU
		{E6835C75-3A92-46A5-90FA-0EE26BE772F5}.Release|Any CPU.Build.0 = Release|Any CPU
		{3E787F05-E4C9-4C9C-808B-BC84F13461A1}.Debug|Any CPU.ActiveCfg = Debug|Any CPU
		{3E787F05-E4C9-4C9C-808B-BC84F13461A1}.Debug|Any CPU.Build.0 = Debug|Any CPU
		{3E787F05-E4C9-4C9C-808B-BC84F13461A1}.Release|Any CPU.ActiveCfg = Release|Any CPU
		{3E787F05-E4C9-4C9C-808B-BC84F13461A1}.Release|Any CPU.Build.0 = Release|Any CPU
		{FA51B76B-76A8-4103-A0DD-E795F20C602B}.Debug|Any CPU.ActiveCfg = Debug|Any CPU
		{FA51B76B-76A8-4103-A0DD-E795F20C602B}.Debug|Any CPU.Build.0 = Debug|Any CPU
		{FA51B76B-76A8-4103-A0DD-E795F20C602B}.Release|Any CPU.ActiveCfg = Release|Any CPU
		{FA51B76B-76A8-4103-A0DD-E795F20C602B}.Release|Any CPU.Build.0 = Release|Any CPU
		{4870BFEC-1C62-4342-9103-0213FF323982}.Debug|Any CPU.ActiveCfg = Debug|Any CPU
		{4870BFEC-1C62-4342-9103-0213FF323982}.Debug|Any CPU.Build.0 = Debug|Any CPU
		{4870BFEC-1C62-4342-9103-0213FF323982}.Release|Any CPU.ActiveCfg = Release|Any CPU
		{4870BFEC-1C62-4342-9103-0213FF323982}.Release|Any CPU.Build.0 = Release|Any CPU
		{69FACB80-C210-4539-ACCD-FDC2210ADA1F}.Debug|Any CPU.ActiveCfg = Debug|Any CPU
		{69FACB80-C210-4539-ACCD-FDC2210ADA1F}.Debug|Any CPU.Build.0 = Debug|Any CPU
		{69FACB80-C210-4539-ACCD-FDC2210ADA1F}.Release|Any CPU.ActiveCfg = Release|Any CPU
		{69FACB80-C210-4539-ACCD-FDC2210ADA1F}.Release|Any CPU.Build.0 = Release|Any CPU
	EndGlobalSection
	GlobalSection(SolutionProperties) = preSolution
		HideSolutionNode = FALSE
	EndGlobalSection
	GlobalSection(NestedProjects) = preSolution
		{5BC12B49-5660-4614-BBAC-8ECF52122BFB} = {2EADBE77-86D4-42AE-8A96-03885F534871}
		{E6835C75-3A92-46A5-90FA-0EE26BE772F5} = {B303D0A7-9153-4BD7-ADF1-6AEEC3C66347}
		{3E787F05-E4C9-4C9C-808B-BC84F13461A1} = {B303D0A7-9153-4BD7-ADF1-6AEEC3C66347}
		{FA51B76B-76A8-4103-A0DD-E795F20C602B} = {2EADBE77-86D4-42AE-8A96-03885F534871}
		{0FCA9B22-EB60-43EF-B4AF-5716CE215B34} = {88E4099F-06B7-4DFD-B1CF-EB9DBB5AF965}
		{4870BFEC-1C62-4342-9103-0213FF323982} = {0FCA9B22-EB60-43EF-B4AF-5716CE215B34}
		{2EADBE77-86D4-42AE-8A96-03885F534871} = {88E4099F-06B7-4DFD-B1CF-EB9DBB5AF965}
		{69FACB80-C210-4539-ACCD-FDC2210ADA1F} = {0FCA9B22-EB60-43EF-B4AF-5716CE215B34}
	EndGlobalSection
	GlobalSection(ExtensibilityGlobals) = postSolution
		SolutionGuid = {9A5BC478-FBA2-4FE7-8358-1A3B68212233}
	EndGlobalSection
EndGlobal
